
Microsoft Visual Studio Solution File, Format Version 12.00
# Visual Studio Version 17
VisualStudioVersion = 17.4.33213.308
MinimumVisualStudioVersion = 10.0.40219.1
Project("{FAE04EC0-301F-11D3-BF4B-00C04F79EFBC}") = "Assessment_MS", "Assessment_MS\Assessment_MS.csproj", "{E93F60D1-6167-43DE-8EC7-F7A43ADC1CB2}"
EndProject
Project("{FAE04EC0-301F-11D3-BF4B-00C04F79EFBC}") = "AssessmentTests", "AssessmentTests\AssessmentTests.csproj", "{FB884F42-0CEF-43A6-BBF0-1E629C6E1FF7}"
EndProject
Global
	GlobalSection(SolutionConfigurationPlatforms) = preSolution
		Debug|Any CPU = Debug|Any CPU
		Release|Any CPU = Release|Any CPU
	EndGlobalSection
	GlobalSection(ProjectConfigurationPlatforms) = postSolution
		{E93F60D1-6167-43DE-8EC7-F7A43ADC1CB2}.Debug|Any CPU.ActiveCfg = Debug|Any CPU
		{E93F60D1-6167-43DE-8EC7-F7A43ADC1CB2}.Debug|Any CPU.Build.0 = Debug|Any CPU
		{E93F60D1-6167-43DE-8EC7-F7A43ADC1CB2}.Release|Any CPU.ActiveCfg = Release|Any CPU
		{E93F60D1-6167-43DE-8EC7-F7A43ADC1CB2}.Release|Any CPU.Build.0 = Release|Any CPU
		{FB884F42-0CEF-43A6-BBF0-1E629C6E1FF7}.Debug|Any CPU.ActiveCfg = Debug|Any CPU
		{FB884F42-0CEF-43A6-BBF0-1E629C6E1FF7}.Debug|Any CPU.Build.0 = Debug|Any CPU
		{FB884F42-0CEF-43A6-BBF0-1E629C6E1FF7}.Release|Any CPU.ActiveCfg = Release|Any CPU
		{FB884F42-0CEF-43A6-BBF0-1E629C6E1FF7}.Release|Any CPU.Build.0 = Release|Any CPU
	EndGlobalSection
	GlobalSection(SolutionProperties) = preSolution
		HideSolutionNode = FALSE
	EndGlobalSection
	GlobalSection(ExtensibilityGlobals) = postSolution
		SolutionGuid = {4B7D68FA-5319-4A60-BDF7-229309A5F85F}
	EndGlobalSection
EndGlobal
